
Microsoft Visual Studio Solution File, Format Version 12.00
# Visual Studio Express 15 for Windows Desktop
VisualStudioVersion = 15.0.28307.1622
MinimumVisualStudioVersion = 10.0.40219.1
Project("{FAE04EC0-301F-11D3-BF4B-00C04F79EFBC}") = "MVVMInWPF", "MVVMInWPF\MVVMInWPF.csproj", "{10FA726E-CD76-480D-8B1D-ED8795F04BCD}"
EndProject
Global
	GlobalSection(SolutionConfigurationPlatforms) = preSolution
		Debug|Any CPU = Debug|Any CPU
		Release|Any CPU = Release|Any CPU
	EndGlobalSection
	GlobalSection(ProjectConfigurationPlatforms) = postSolution
		{10FA726E-CD76-480D-8B1D-ED8795F04BCD}.Debug|Any CPU.ActiveCfg = Debug|Any CPU
		{10FA726E-CD76-480D-8B1D-ED8795F04BCD}.Debug|Any CPU.Build.0 = Debug|Any CPU
		{10FA726E-CD76-480D-8B1D-ED8795F04BCD}.Release|Any CPU.ActiveCfg = Release|Any CPU
		{10FA726E-CD76-480D-8B1D-ED8795F04BCD}.Release|Any CPU.Build.0 = Release|Any CPU
	EndGlobalSection
	GlobalSection(SolutionProperties) = preSolution
		HideSolutionNode = FALSE
	EndGlobalSection
	GlobalSection(ExtensibilityGlobals) = postSolution
		SolutionGuid = {33AB0D6D-B5DA-4706-9B8D-12C49249799A}
	EndGlobalSection
EndGlobal
